// !$*UTF8*$!
{
	archiveVersion = 1;
	classes = {
	};
	objectVersion = 46;
	objects = {

/* Begin PBXBuildFile section */
		D789C36D150DFC4700369838 /* UIKit.framework in Frameworks */ = {isa = PBXBuildFile; fileRef = D789C36C150DFC4700369838 /* UIKit.framework */; };
		D789C36F150DFC4700369838 /* Foundation.framework in Frameworks */ = {isa = PBXBuildFile; fileRef = D789C36E150DFC4700369838 /* Foundation.framework */; };
		D789C371150DFC4700369838 /* CoreGraphics.framework in Frameworks */ = {isa = PBXBuildFile; fileRef = D789C370150DFC4700369838 /* CoreGraphics.framework */; };
		D789C377150DFC4700369838 /* InfoPlist.strings in Resources */ = {isa = PBXBuildFile; fileRef = D789C375150DFC4700369838 /* InfoPlist.strings */; };
		D789C379150DFC4700369838 /* main.m in Sources */ = {isa = PBXBuildFile; fileRef = D789C378150DFC4700369838 /* main.m */; };
		D789C37D150DFC4700369838 /* AppDelegate.m in Sources */ = {isa = PBXBuildFile; fileRef = D789C37C150DFC4700369838 /* AppDelegate.m */; };
		D789C380150DFC4700369838 /* MainStoryboard.storyboard in Resources */ = {isa = PBXBuildFile; fileRef = D789C37E150DFC4700369838 /* MainStoryboard.storyboard */; };
		D789C383150DFC4700369838 /* CameraViewController.m in Sources */ = {isa = PBXBuildFile; fileRef = D789C382150DFC4700369838 /* CameraViewController.m */; };
		D789C385150DFC4700369838 /* first.png in Resources */ = {isa = PBXBuildFile; fileRef = D789C384150DFC4700369838 /* first.png */; };
		D789C387150DFC4700369838 /* first@2x.png in Resources */ = {isa = PBXBuildFile; fileRef = D789C386150DFC4700369838 /* first@2x.png */; };
		D789C38A150DFC4700369838 /* MiscViewController.m in Sources */ = {isa = PBXBuildFile; fileRef = D789C389150DFC4700369838 /* MiscViewController.m */; };
		D789C38C150DFC4700369838 /* second.png in Resources */ = {isa = PBXBuildFile; fileRef = D789C38B150DFC4700369838 /* second.png */; };
		D789C38E150DFC4700369838 /* second@2x.png in Resources */ = {isa = PBXBuildFile; fileRef = D789C38D150DFC4700369838 /* second@2x.png */; };
/* End PBXBuildFile section */

/* Begin PBXFileReference section */
		D789C368150DFC4700369838 /* VIRM.app */ = {isa = PBXFileReference; explicitFileType = wrapper.application; includeInIndex = 0; path = VIRM.app; sourceTree = BUILT_PRODUCTS_DIR; };
		D789C36C150DFC4700369838 /* UIKit.framework */ = {isa = PBXFileReference; lastKnownFileType = wrapper.framework; name = UIKit.framework; path = System/Library/Frameworks/UIKit.framework; sourceTree = SDKROOT; };
		D789C36E150DFC4700369838 /* Foundation.framework */ = {isa = PBXFileReference; lastKnownFileType = wrapper.framework; name = Foundation.framework; path = System/Library/Frameworks/Foundation.framework; sourceTree = SDKROOT; };
		D789C370150DFC4700369838 /* CoreGraphics.framework */ = {isa = PBXFileReference; lastKnownFileType = wrapper.framework; name = CoreGraphics.framework; path = System/Library/Frameworks/CoreGraphics.framework; sourceTree = SDKROOT; };
		D789C374150DFC4700369838 /* VIRM-Info.plist */ = {isa = PBXFileReference; lastKnownFileType = text.plist.xml; path = "VIRM-Info.plist"; sourceTree = "<group>"; };
		D789C376150DFC4700369838 /* en */ = {isa = PBXFileReference; lastKnownFileType = text.plist.strings; name = en; path = en.lproj/InfoPlist.strings; sourceTree = "<group>"; };
		D789C378150DFC4700369838 /* main.m */ = {isa = PBXFileReference; lastKnownFileType = sourcecode.c.objc; path = main.m; sourceTree = "<group>"; };
		D789C37A150DFC4700369838 /* VIRM-Prefix.pch */ = {isa = PBXFileReference; lastKnownFileType = sourcecode.c.h; path = "VIRM-Prefix.pch"; sourceTree = "<group>"; };
		D789C37B150DFC4700369838 /* AppDelegate.h */ = {isa = PBXFileReference; lastKnownFileType = sourcecode.c.h; path = AppDelegate.h; sourceTree = "<group>"; };
		D789C37C150DFC4700369838 /* AppDelegate.m */ = {isa = PBXFileReference; lastKnownFileType = sourcecode.c.objc; path = AppDelegate.m; sourceTree = "<group>"; };
		D789C37F150DFC4700369838 /* en */ = {isa = PBXFileReference; lastKnownFileType = file.storyboard; name = en; path = en.lproj/MainStoryboard.storyboard; sourceTree = "<group>"; };
		D789C381150DFC4700369838 /* CameraViewController.h */ = {isa = PBXFileReference; lastKnownFileType = sourcecode.c.h; path = CameraViewController.h; sourceTree = "<group>"; };
		D789C382150DFC4700369838 /* CameraViewController.m */ = {isa = PBXFileReference; lastKnownFileType = sourcecode.c.objc; path = CameraViewController.m; sourceTree = "<group>"; };
		D789C384150DFC4700369838 /* first.png */ = {isa = PBXFileReference; lastKnownFileType = image.png; path = first.png; sourceTree = "<group>"; };
		D789C386150DFC4700369838 /* first@2x.png */ = {isa = PBXFileReference; lastKnownFileType = image.png; path = "first@2x.png"; sourceTree = "<group>"; };
		D789C388150DFC4700369838 /* MiscViewController.h */ = {isa = PBXFileReference; lastKnownFileType = sourcecode.c.h; path = MiscViewController.h; sourceTree = "<group>"; };
		D789C389150DFC4700369838 /* MiscViewController.m */ = {isa = PBXFileReference; lastKnownFileType = sourcecode.c.objc; path = MiscViewController.m; sourceTree = "<group>"; };
		D789C38B150DFC4700369838 /* second.png */ = {isa = PBXFileReference; lastKnownFileType = image.png; path = second.png; sourceTree = "<group>"; };
		D789C38D150DFC4700369838 /* second@2x.png */ = {isa = PBXFileReference; lastKnownFileType = image.png; path = "second@2x.png"; sourceTree = "<group>"; };
/* End PBXFileReference section */

/* Begin PBXFrameworksBuildPhase section */
		D789C365150DFC4700369838 /* Frameworks */ = {
			isa = PBXFrameworksBuildPhase;
			buildActionMask = 2147483647;
			files = (
				D789C36D150DFC4700369838 /* UIKit.framework in Frameworks */,
				D789C36F150DFC4700369838 /* Foundation.framework in Frameworks */,
				D789C371150DFC4700369838 /* CoreGraphics.framework in Frameworks */,
			);
			runOnlyForDeploymentPostprocessing = 0;
		};
/* End PBXFrameworksBuildPhase section */

/* Begin PBXGroup section */
		D789C35D150DFC4700369838 = {
			isa = PBXGroup;
			children = (
				D789C372150DFC4700369838 /* VIRM */,
				D789C36B150DFC4700369838 /* Frameworks */,
				D789C369150DFC4700369838 /* Products */,
			);
			sourceTree = "<group>";
		};
		D789C369150DFC4700369838 /* Products */ = {
			isa = PBXGroup;
			children = (
				D789C368150DFC4700369838 /* VIRM.app */,
			);
			name = Products;
			sourceTree = "<group>";
		};
		D789C36B150DFC4700369838 /* Frameworks */ = {
			isa = PBXGroup;
			children = (
				D789C36C150DFC4700369838 /* UIKit.framework */,
				D789C36E150DFC4700369838 /* Foundation.framework */,
				D789C370150DFC4700369838 /* CoreGraphics.framework */,
			);
			name = Frameworks;
			sourceTree = "<group>";
		};
		D789C372150DFC4700369838 /* VIRM */ = {
			isa = PBXGroup;
			children = (
				D789C37B150DFC4700369838 /* AppDelegate.h */,
				D789C37C150DFC4700369838 /* AppDelegate.m */,
				D789C37E150DFC4700369838 /* MainStoryboard.storyboard */,
				D789C381150DFC4700369838 /* CameraViewController.h */,
				D789C382150DFC4700369838 /* CameraViewController.m */,
				D789C384150DFC4700369838 /* first.png */,
				D789C386150DFC4700369838 /* first@2x.png */,
				D789C388150DFC4700369838 /* MiscViewController.h */,
				D789C389150DFC4700369838 /* MiscViewController.m */,
				D789C38B150DFC4700369838 /* second.png */,
				D789C38D150DFC4700369838 /* second@2x.png */,
				D789C373150DFC4700369838 /* Supporting Files */,
			);
			path = VIRM;
			sourceTree = "<group>";
		};
		D789C373150DFC4700369838 /* Supporting Files */ = {
			isa = PBXGroup;
			children = (
				D789C374150DFC4700369838 /* VIRM-Info.plist */,
				D789C375150DFC4700369838 /* InfoPlist.strings */,
				D789C378150DFC4700369838 /* main.m */,
				D789C37A150DFC4700369838 /* VIRM-Prefix.pch */,
			);
			name = "Supporting Files";
			sourceTree = "<group>";
		};
/* End PBXGroup section */

/* Begin PBXNativeTarget section */
		D789C367150DFC4700369838 /* VIRM */ = {
			isa = PBXNativeTarget;
			buildConfigurationList = D789C391150DFC4700369838 /* Build configuration list for PBXNativeTarget "VIRM" */;
			buildPhases = (
				D789C364150DFC4700369838 /* Sources */,
				D789C365150DFC4700369838 /* Frameworks */,
				D789C366150DFC4700369838 /* Resources */,
			);
			buildRules = (
			);
			dependencies = (
			);
			name = VIRM;
			productName = VIRM;
			productReference = D789C368150DFC4700369838 /* VIRM.app */;
			productType = "com.apple.product-type.application";
		};
/* End PBXNativeTarget section */

/* Begin PBXProject section */
		D789C35F150DFC4700369838 /* Project object */ = {
			isa = PBXProject;
			attributes = {
				LastUpgradeCheck = 0420;
			};
			buildConfigurationList = D789C362150DFC4700369838 /* Build configuration list for PBXProject "VIRM" */;
			compatibilityVersion = "Xcode 3.2";
			developmentRegion = English;
			hasScannedForEncodings = 0;
			knownRegions = (
				en,
			);
			mainGroup = D789C35D150DFC4700369838;
			productRefGroup = D789C369150DFC4700369838 /* Products */;
			projectDirPath = "";
			projectRoot = "";
			targets = (
				D789C367150DFC4700369838 /* VIRM */,
			);
		};
/* End PBXProject section */

/* Begin PBXResourcesBuildPhase section */
		D789C366150DFC4700369838 /* Resources */ = {
			isa = PBXResourcesBuildPhase;
			buildActionMask = 2147483647;
			files = (
				D789C377150DFC4700369838 /* InfoPlist.strings in Resources */,
				D789C380150DFC4700369838 /* MainStoryboard.storyboard in Resources */,
				D789C385150DFC4700369838 /* first.png in Resources */,
				D789C387150DFC4700369838 /* first@2x.png in Resources */,
				D789C38C150DFC4700369838 /* second.png in Resources */,
				D789C38E150DFC4700369838 /* second@2x.png in Resources */,
			);
			runOnlyForDeploymentPostprocessing = 0;
		};
/* End PBXResourcesBuildPhase section */

/* Begin PBXSourcesBuildPhase section */
		D789C364150DFC4700369838 /* Sources */ = {
			isa = PBXSourcesBuildPhase;
			buildActionMask = 2147483647;
			files = (
				D789C379150DFC4700369838 /* main.m in Sources */,
				D789C37D150DFC4700369838 /* AppDelegate.m in Sources */,
				D789C383150DFC4700369838 /* CameraViewController.m in Sources */,
				D789C38A150DFC4700369838 /* MiscViewController.m in Sources */,
			);
			runOnlyForDeploymentPostprocessing = 0;
		};
/* End PBXSourcesBuildPhase section */

/* Begin PBXVariantGroup section */
		D789C375150DFC4700369838 /* InfoPlist.strings */ = {
			isa = PBXVariantGroup;
			children = (
				D789C376150DFC4700369838 /* en */,
			);
			name = InfoPlist.strings;
			sourceTree = "<group>";
		};
		D789C37E150DFC4700369838 /* MainStoryboard.storyboard */ = {
			isa = PBXVariantGroup;
			children = (
				D789C37F150DFC4700369838 /* en */,
			);
			name = MainStoryboard.storyboard;
			sourceTree = "<group>";
		};
/* End PBXVariantGroup section */

/* Begin XCBuildConfiguration section */
		D789C38F150DFC4700369838 /* Debug */ = {
			isa = XCBuildConfiguration;
			buildSettings = {
				ALWAYS_SEARCH_USER_PATHS = NO;
				ARCHS = "$(ARCHS_STANDARD_32_BIT)";
				CLANG_ENABLE_OBJC_ARC = YES;
				"CODE_SIGN_IDENTITY[sdk=iphoneos*]" = "iPhone Developer";
				COPY_PHASE_STRIP = NO;
				GCC_C_LANGUAGE_STANDARD = gnu99;
				GCC_DYNAMIC_NO_PIC = NO;
				GCC_OPTIMIZATION_LEVEL = 0;
				GCC_PREPROCESSOR_DEFINITIONS = (
					"DEBUG=1",
					"$(inherited)",
				);
				GCC_SYMBOLS_PRIVATE_EXTERN = NO;
				GCC_VERSION = com.apple.compilers.llvm.clang.1_0;
				GCC_WARN_ABOUT_MISSING_PROTOTYPES = YES;
				GCC_WARN_ABOUT_RETURN_TYPE = YES;
				GCC_WARN_UNUSED_VARIABLE = YES;
				IPHONEOS_DEPLOYMENT_TARGET = 5.0;
				SDKROOT = iphoneos;
			};
			name = Debug;
		};
		D789C390150DFC4700369838 /* Release */ = {
			isa = XCBuildConfiguration;
			buildSettings = {
				ALWAYS_SEARCH_USER_PATHS = NO;
				ARCHS = "$(ARCHS_STANDARD_32_BIT)";
				CLANG_ENABLE_OBJC_ARC = YES;
				"CODE_SIGN_IDENTITY[sdk=iphoneos*]" = "iPhone Developer";
				COPY_PHASE_STRIP = YES;
				GCC_C_LANGUAGE_STANDARD = gnu99;
				GCC_VERSION = com.apple.compilers.llvm.clang.1_0;
				GCC_WARN_ABOUT_MISSING_PROTOTYPES = YES;
				GCC_WARN_ABOUT_RETURN_TYPE = YES;
				GCC_WARN_UNUSED_VARIABLE = YES;
				IPHONEOS_DEPLOYMENT_TARGET = 5.0;
				OTHER_CFLAGS = "-DNS_BLOCK_ASSERTIONS=1";
				SDKROOT = iphoneos;
				VALIDATE_PRODUCT = YES;
			};
			name = Release;
		};
		D789C392150DFC4700369838 /* Debug */ = {
			isa = XCBuildConfiguration;
			buildSettings = {
				GCC_PRECOMPILE_PREFIX_HEADER = YES;
				GCC_PREFIX_HEADER = "VIRM/VIRM-Prefix.pch";
				INFOPLIST_FILE = "VIRM/VIRM-Info.plist";
				PRODUCT_NAME = "$(TARGET_NAME)";
				WRAPPER_EXTENSION = app;
			};
			name = Debug;
		};
		D789C393150DFC4700369838 /* Release */ = {
			isa = XCBuildConfiguration;
			buildSettings = {
				GCC_PRECOMPILE_PREFIX_HEADER = YES;
				GCC_PREFIX_HEADER = "VIRM/VIRM-Prefix.pch";
				INFOPLIST_FILE = "VIRM/VIRM-Info.plist";
				PRODUCT_NAME = "$(TARGET_NAME)";
				WRAPPER_EXTENSION = app;
			};
			name = Release;
		};
/* End XCBuildConfiguration section */

/* Begin XCConfigurationList section */
		D789C362150DFC4700369838 /* Build configuration list for PBXProject "VIRM" */ = {
			isa = XCConfigurationList;
			buildConfigurations = (
				D789C38F150DFC4700369838 /* Debug */,
				D789C390150DFC4700369838 /* Release */,
			);
			defaultConfigurationIsVisible = 0;
			defaultConfigurationName = Release;
		};
		D789C391150DFC4700369838 /* Build configuration list for PBXNativeTarget "VIRM" */ = {
			isa = XCConfigurationList;
			buildConfigurations = (
				D789C392150DFC4700369838 /* Debug */,
				D789C393150DFC4700369838 /* Release */,
			);
			defaultConfigurationIsVisible = 0;
			defaultConfigurationName = Release;
		};
/* End XCConfigurationList section */
	};
	rootObject = D789C35F150DFC4700369838 /* Project object */;
}
